
Microsoft Visual Studio Solution File, Format Version 12.00
# Visual Studio Version 16
VisualStudioVersion = 16.0.29728.190
MinimumVisualStudioVersion = 10.0.40219.1
Project("{FAE04EC0-301F-11D3-BF4B-00C04F79EFBC}") = "zadanie10", "zadanie10\zadanie10.csproj", "{EDC47747-B51D-4938-9A86-382D258953FC}"
EndProject
Global
	GlobalSection(SolutionConfigurationPlatforms) = preSolution
		Debug|Any CPU = Debug|Any CPU
		Release|Any CPU = Release|Any CPU
	EndGlobalSection
	GlobalSection(ProjectConfigurationPlatforms) = postSolution
		{EDC47747-B51D-4938-9A86-382D258953FC}.Debug|Any CPU.ActiveCfg = Debug|Any CPU
		{EDC47747-B51D-4938-9A86-382D258953FC}.Debug|Any CPU.Build.0 = Debug|Any CPU
		{EDC47747-B51D-4938-9A86-382D258953FC}.Release|Any CPU.ActiveCfg = Release|Any CPU
		{EDC47747-B51D-4938-9A86-382D258953FC}.Release|Any CPU.Build.0 = Release|Any CPU
	EndGlobalSection
	GlobalSection(SolutionProperties) = preSolution
		HideSolutionNode = FALSE
	EndGlobalSection
	GlobalSection(ExtensibilityGlobals) = postSolution
		SolutionGuid = {C8E910B6-A902-4500-98E3-9B66D8A64E43}
	EndGlobalSection
EndGlobal
